<?xml version="1.0" encoding="utf-8"?>
<Project ToolsVersion="4.0" xmlns="http://schemas.microsoft.com/developer/msbuild/2003">
  <ItemGroup>
    <Filter Include="Source Files">
      <UniqueIdentifier>{4FC737F1-C7A5-4376-A066-2A32D752A2FF}</UniqueIdentifier>
      <Extensions>cpp;c;cc;cxx;c++;cppm;ixx;def;odl;idl;hpj;bat;asm;asmx</Extensions>
    </Filter>
    <Filter Include="Header Files">
      <UniqueIdentifier>{93995380-89BD-4b04-88EB-625FBE52EBFB}</UniqueIdentifier>
      <Extensions>h;hh;hpp;hxx;h++;hm;inl;inc;ipp;xsd</Extensions>
    </Filter>
    <Filter Include="Resource Files">
      <UniqueIdentifier>{67DA6AB6-F800-4c08-8B7A-83BB121AAD01}</UniqueIdentifier>
      <Extensions>rc;ico;cur;bmp;dlg;rc2;rct;bin;rgs;gif;jpg;jpeg;jpe;resx;tiff;tif;png;wav;mfcribbon-ms</Extensions>
    </Filter>
    <Filter Include="Weapons">
      <UniqueIdentifier>{0f68278b-3865-4b36-b71d-5b90b7758ab9}</UniqueIdentifier>
    </Filter>
    <Filter Include="Weapons\Header Files">
      <UniqueIdentifier>{2e3d7a4a-689b-433f-9c89-ed67ae966217}</UniqueIdentifier>
    </Filter>
    <Filter Include="Weapons\Source Files">
      <UniqueIdentifier>{1133d16e-1dd9-41da-a452-73fa0dd8563c}</UniqueIdentifier>
    </Filter>
    <Filter Include="Characters">
      <UniqueIdentifier>{9a9128fa-cff7-4f3d-bd1b-fe44c4ac338e}</UniqueIdentifier>
    </Filter>
    <Filter Include="Characters\Header Files">
      <UniqueIdentifier>{63c3a1f9-27f8-4c2d-ac42-36746b6373ea}</UniqueIdentifier>
    </Filter>
    <Filter Include="Characters\Source Files">
      <UniqueIdentifier>{c2239a4e-7c67-4483-bb85-30f93352e3a7}</UniqueIdentifier>
    </Filter>
  </ItemGroup>
  <ItemGroup>
    <ClCompile Include="Source.cpp">
      <Filter>Source Files</Filter>
    </ClCompile>
    <ClCompile Include="MyCamera.cpp">
      <Filter>Source Files</Filter>
    </ClCompile>
    <ClCompile Include="AnimationPro.cpp">
      <Filter>Source Files</Filter>
    </ClCompile>
    <ClCompile Include="Background.cpp">
      <Filter>Source Files</Filter>
    </ClCompile>
    <ClCompile Include="Pistol.cpp">
      <Filter>Weapons\Source Files</Filter>
    </ClCompile>
    <ClCompile Include="Weapon.cpp">
      <Filter>Weapons\Source Files</Filter>
    </ClCompile>
    <ClCompile Include="AssaultRifle.cpp">
      <Filter>Weapons\Source Files</Filter>
    </ClCompile>
    <ClCompile Include="ShotGun.cpp">
      <Filter>Weapons\Source Files</Filter>
    </ClCompile>
    <ClCompile Include="Bullet.cpp">
      <Filter>Weapons\Source Files</Filter>
    </ClCompile>
    <ClCompile Include="Player.cpp">
      <Filter>Characters\Source Files</Filter>
    </ClCompile>
    <ClCompile Include="Character.cpp">
      <Filter>Characters\Source Files</Filter>
    </ClCompile>
    <ClCompile Include="Enemy.cpp">
      <Filter>Characters\Source Files</Filter>
    </ClCompile>
    <ClCompile Include="Zone.cpp">
      <Filter>Source Files</Filter>
    </ClCompile>
    <ClCompile Include="Collectable.cpp">
      <Filter>Source Files</Filter>
    </ClCompile>
  </ItemGroup>
  <ItemGroup>
    <ClInclude Include="Header.h">
      <Filter>Header Files</Filter>
    </ClInclude>
    <ClInclude Include="MyCamera.h">
      <Filter>Header Files</Filter>
    </ClInclude>
    <ClInclude Include="AnimationPro.h">
      <Filter>Header Files</Filter>
    </ClInclude>
    <ClInclude Include="Background.h">
      <Filter>Header Files</Filter>
    </ClInclude>
    <ClInclude Include="Pistol.h">
      <Filter>Weapons\Header Files</Filter>
    </ClInclude>
    <ClInclude Include="Weapon.h">
      <Filter>Weapons\Header Files</Filter>
    </ClInclude>
    <ClInclude Include="AssaultRifle.h">
      <Filter>Weapons\Header Files</Filter>
    </ClInclude>
    <ClInclude Include="ShotGun.h">
      <Filter>Weapons\Header Files</Filter>
    </ClInclude>
    <ClInclude Include="Bullet.h">
      <Filter>Weapons\Header Files</Filter>
    </ClInclude>
    <ClInclude Include="Player.h">
      <Filter>Characters\Header Files</Filter>
    </ClInclude>
    <ClInclude Include="Character.h">
      <Filter>Characters\Header Files</Filter>
    </ClInclude>
    <ClInclude Include="Enemy.h">
      <Filter>Characters\Header Files</Filter>
    </ClInclude>
    <ClInclude Include="Zone.h">
      <Filter>Header Files</Filter>
    </ClInclude>
    <ClInclude Include="Circle.h">
      <Filter>Header Files</Filter>
    </ClInclude>
    <ClInclude Include="Collectable.h">
      <Filter>Header Files</Filter>
    </ClInclude>
  </ItemGroup>
  <ItemGroup>
    <Text Include="GameInfoAndKeybinds.txt">
      <Filter>Resource Files</Filter>
    </Text>
    <Text Include="Credit.txt">
      <Filter>Resource Files</Filter>
    </Text>
  </ItemGroup>
</Project>